
Microsoft Visual Studio Solution File, Format Version 12.00
# Visual Studio Version 17
VisualStudioVersion = 17.9.34714.143
MinimumVisualStudioVersion = 10.0.40219.1
Project("{FAE04EC0-301F-11D3-BF4B-00C04F79EFBC}") = "InterRedBE", "InterRedBE\InterRedBE.csproj", "{DFD5B407-146F-47DA-94F7-9091EB10AA3B}"
EndProject
Global
	GlobalSection(SolutionConfigurationPlatforms) = preSolution
		Debug|Any CPU = Debug|Any CPU
		Release|Any CPU = Release|Any CPU
	EndGlobalSection
	GlobalSection(ProjectConfigurationPlatforms) = postSolution
		{DFD5B407-146F-47DA-94F7-9091EB10AA3B}.Debug|Any CPU.ActiveCfg = Debug|Any CPU
		{DFD5B407-146F-47DA-94F7-9091EB10AA3B}.Debug|Any CPU.Build.0 = Debug|Any CPU
		{DFD5B407-146F-47DA-94F7-9091EB10AA3B}.Release|Any CPU.ActiveCfg = Release|Any CPU
		{DFD5B407-146F-47DA-94F7-9091EB10AA3B}.Release|Any CPU.Build.0 = Release|Any CPU
	EndGlobalSection
	GlobalSection(SolutionProperties) = preSolution
		HideSolutionNode = FALSE
	EndGlobalSection
	GlobalSection(ExtensibilityGlobals) = postSolution
		SolutionGuid = {6D08BEAE-7F2C-4F88-9C27-34455A08D45D}
	EndGlobalSection
EndGlobal
